
Microsoft Visual Studio Solution File, Format Version 12.00
# Visual Studio Version 17
VisualStudioVersion = 17.9.34723.18
MinimumVisualStudioVersion = 10.0.40219.1
Project("{9A19103F-16F7-4668-BE54-9A1E7A4F7556}") = "Cube", "src\Cube\Cube.csproj", "{7C2F1D71-2F81-4F93-9E5F-73D6A3D2670F}"
EndProject
Global
	GlobalSection(SolutionConfigurationPlatforms) = preSolution
		Debug|Any CPU = Debug|Any CPU
		Release|Any CPU = Release|Any CPU
	EndGlobalSection
	GlobalSection(ProjectConfigurationPlatforms) = postSolution
		{7C2F1D71-2F81-4F93-9E5F-73D6A3D2670F}.Debug|Any CPU.ActiveCfg = Debug|Any CPU
		{7C2F1D71-2F81-4F93-9E5F-73D6A3D2670F}.Debug|Any CPU.Build.0 = Debug|Any CPU
		{7C2F1D71-2F81-4F93-9E5F-73D6A3D2670F}.Release|Any CPU.ActiveCfg = Release|Any CPU
		{7C2F1D71-2F81-4F93-9E5F-73D6A3D2670F}.Release|Any CPU.Build.0 = Release|Any CPU
	EndGlobalSection
	GlobalSection(SolutionProperties) = preSolution
		HideSolutionNode = FALSE
	EndGlobalSection
	GlobalSection(ExtensibilityGlobals) = postSolution
		SolutionGuid = {D362F2B4-B761-4DDF-B7FD-0B1B62270A3F}
	EndGlobalSection
EndGlobal
